schema: '2.0'
stages:
  prepare_data:
    cmd: python -m src.data_pipeline prepare --params params.yaml
    deps:
    - path: data/store.csv
      hash: md5
      md5: 30c9ccb5af66c21f65e7d1da967e6251
      size: 45010
    - path: data/train.csv
      hash: md5
      md5: d47aedd9e2d580e06a6ef7ce1732e8b6
      size: 38057952
    - path: params.yaml
      hash: md5
      md5: f42ef49527b6339315b2781ebf76cd6f
      size: 1012
    - path: src/data_pipeline.py
      hash: md5
      md5: 232b5cf65e85c308708f8759cda160a2
      size: 3604
    - path: src/features.py
      hash: md5
      md5: 94a90800ebf6756f30737e95800323db
      size: 5020
    - path: src/utils.py
      hash: md5
      md5: b1c284b6d7ba374d8dde31b859c0755b
      size: 1610
    outs:
    - path: data/processed/train_features.csv
      hash: md5
      md5: 19b58f9f9eec5960153bf9761b2fd28a
      size: 104613034
    - path: data/processed/validation_features.csv
      hash: md5
      md5: 31bf8980a10426c22663a6a847024670
      size: 5099964
    - path: reports/feature_baseline.json
      hash: md5
      md5: ad891314d35964ee4d1e506f2e1bb897
      size: 3626
    - path: reports/schema_report.json
      hash: md5
      md5: bf9830e64a3515a43f2e66bdf16767e0
      size: 1041
  train_model:
    cmd: python -m src.train --params params.yaml
    deps:
    - path: data/processed/train_features.csv
      hash: md5
      md5: 19b58f9f9eec5960153bf9761b2fd28a
      size: 104613034
    - path: data/processed/validation_features.csv
      hash: md5
      md5: 31bf8980a10426c22663a6a847024670
      size: 5099964
    - path: params.yaml
      hash: md5
      md5: f42ef49527b6339315b2781ebf76cd6f
      size: 1012
    - path: src/features.py
      hash: md5
      md5: 94a90800ebf6756f30737e95800323db
      size: 5020
    - path: src/train.py
      hash: md5
      md5: beab50a0d0450cd7d62fe4e6a781a7e4
      size: 8127
    - path: src/utils.py
      hash: md5
      md5: b1c284b6d7ba374d8dde31b859c0755b
      size: 1610
    outs:
    - path: models/latest_model_uri.txt
      hash: md5
      md5: 8635240c2fdfd9976d3a0ed228580d68
      size: 20
    - path: models/model_registry.json
      hash: md5
      md5: cb1f7eb89cf4e8116a11c367956b731c
      size: 308
    - path: reports/model_comparison.json
      hash: md5
      md5: e1e19568cd75f2f34cf7b4e6938892db
      size: 968
    - path: reports/training_summary.json
      hash: md5
      md5: 62f19adeaa6f24a7cfc5358f8ffc3854
      size: 392
  evaluate_model:
    cmd: python -m src.evaluate --params params.yaml
    deps:
    - path: data/processed/validation_features.csv
      hash: md5
      md5: 31bf8980a10426c22663a6a847024670
      size: 5099964
    - path: models/latest_model_uri.txt
      hash: md5
      md5: 8635240c2fdfd9976d3a0ed228580d68
      size: 20
    - path: models/model_registry.json
      hash: md5
      md5: cb1f7eb89cf4e8116a11c367956b731c
      size: 308
    - path: params.yaml
      hash: md5
      md5: f42ef49527b6339315b2781ebf76cd6f
      size: 1012
    - path: src/evaluate.py
      hash: md5
      md5: ba3baf15bd3ee345eaf0183af913b8b5
      size: 4344
    - path: src/utils.py
      hash: md5
      md5: b1c284b6d7ba374d8dde31b859c0755b
      size: 1610
    outs:
    - path: reports/api_examples.json
      hash: md5
      md5: 5fae781dac7e95488d37f26f05e5dd22
      size: 321
    - path: reports/drift_report.json
      hash: md5
      md5: 8fcfb0289d25509678893bd0f81f6bbe
      size: 58
    - path: reports/evaluation_metrics.json
      hash: md5
      md5: 8505c55b8d8373db1ecd887bc490b9a7
      size: 156
    - path: reports/pipeline_summary.json
      hash: md5
      md5: ca81f3f031584d386b715514e8563710
      size: 1293
